// !$*UTF8*$!
{
	archiveVersion = 1;
	classes = {
	};
	objectVersion = 56;
	objects = {

/* Begin PBXBuildFile section */
		30000001 /* CallBlockerApp.swift in Sources */ = {isa = PBXBuildFile; fileRef = 20000001 /* CallBlockerApp.swift */; };
		30000002 /* ContentView.swift in Sources */ = {isa = PBXBuildFile; fileRef = 20000002 /* ContentView.swift */; };
		30000003 /* BlockListManager.swift in Sources (App) */ = {isa = PBXBuildFile; fileRef = 20000003 /* BlockListManager.swift */; };
		30000004 /* PhoneNumberGenerator.swift in Sources (App) */ = {isa = PBXBuildFile; fileRef = 20000004 /* PhoneNumberGenerator.swift */; };
		30000005 /* CallDirectoryHandler.swift in Sources */ = {isa = PBXBuildFile; fileRef = 20000005 /* CallDirectoryHandler.swift */; };
		30000006 /* BlockListManager.swift in Sources (Ext) */ = {isa = PBXBuildFile; fileRef = 20000003 /* BlockListManager.swift */; };
		30000007 /* PhoneNumberGenerator.swift in Sources (Ext) */ = {isa = PBXBuildFile; fileRef = 20000004 /* PhoneNumberGenerator.swift */; };
		30000008 /* CallBlockerExtension.appex in Embed App Extensions */ = {isa = PBXBuildFile; fileRef = 20000011 /* CallBlockerExtension.appex */; settings = {ATTRIBUTES = (RemoveHeadersOnCopy, ); }; };
		30000009 /* Assets.xcassets in Resources */ = {isa = PBXBuildFile; fileRef = 20000012 /* Assets.xcassets */; };
/* End PBXBuildFile section */

/* Begin PBXContainerItemProxy section */
		50000001 /* PBXContainerItemProxy */ = {
			isa = PBXContainerItemProxy;
			containerPortal = 00000001 /* Project object */;
			proxyType = 1;
			remoteGlobalIDString = 40000002;
			remoteInfo = CallBlockerExtension;
		};
/* End PBXContainerItemProxy section */

/* Begin PBXCopyFilesBuildPhase section */
		90000001 /* Embed App Extensions */ = {
			isa = PBXCopyFilesBuildPhase;
			buildActionMask = 2147483647;
			dstPath = "";
			dstSubfolderSpec = 13;
			files = (
				30000008 /* CallBlockerExtension.appex in Embed App Extensions */,
			);
			name = "Embed App Extensions";
			runOnlyForDeploymentPostprocessing = 0;
		};
/* End PBXCopyFilesBuildPhase section */

/* Begin PBXFileReference section */
		20000001 /* CallBlockerApp.swift */ = {isa = PBXFileReference; lastKnownFileType = sourcecode.swift; path = CallBlockerApp.swift; sourceTree = "<group>"; };
		20000002 /* ContentView.swift */ = {isa = PBXFileReference; lastKnownFileType = sourcecode.swift; path = ContentView.swift; sourceTree = "<group>"; };
		20000003 /* BlockListManager.swift */ = {isa = PBXFileReference; lastKnownFileType = sourcecode.swift; path = BlockListManager.swift; sourceTree = "<group>"; };
		20000004 /* PhoneNumberGenerator.swift */ = {isa = PBXFileReference; lastKnownFileType = sourcecode.swift; path = PhoneNumberGenerator.swift; sourceTree = "<group>"; };
		20000005 /* CallDirectoryHandler.swift */ = {isa = PBXFileReference; lastKnownFileType = sourcecode.swift; path = CallDirectoryHandler.swift; sourceTree = "<group>"; };
		20000006 /* Info.plist */ = {isa = PBXFileReference; lastKnownFileType = text.plist.xml; path = Info.plist; sourceTree = "<group>"; };
		20000007 /* CallBlocker.entitlements */ = {isa = PBXFileReference; lastKnownFileType = text.plist.entitlements; path = CallBlocker.entitlements; sourceTree = "<group>"; };
		20000008 /* Info.plist */ = {isa = PBXFileReference; lastKnownFileType = text.plist.xml; path = Info.plist; sourceTree = "<group>"; };
		20000009 /* CallBlockerExtension.entitlements */ = {isa = PBXFileReference; lastKnownFileType = text.plist.entitlements; path = CallBlockerExtension.entitlements; sourceTree = "<group>"; };
		20000010 /* CallBlocker.app */ = {isa = PBXFileReference; explicitFileType = wrapper.application; includeInIndex = 0; path = CallBlocker.app; sourceTree = BUILT_PRODUCTS_DIR; };
		20000011 /* CallBlockerExtension.appex */ = {isa = PBXFileReference; explicitFileType = "wrapper.app-extension"; includeInIndex = 0; path = CallBlockerExtension.appex; sourceTree = BUILT_PRODUCTS_DIR; };
		20000012 /* Assets.xcassets */ = {isa = PBXFileReference; lastKnownFileType = folder.assetcatalog; path = Assets.xcassets; sourceTree = "<group>"; };
/* End PBXFileReference section */

/* Begin PBXFrameworksBuildPhase section */
		80000001 /* Frameworks */ = {
			isa = PBXFrameworksBuildPhase;
			buildActionMask = 2147483647;
			files = (
			);
			runOnlyForDeploymentPostprocessing = 0;
		};
		80000002 /* Frameworks */ = {
			isa = PBXFrameworksBuildPhase;
			buildActionMask = 2147483647;
			files = (
			);
			runOnlyForDeploymentPostprocessing = 0;
		};
/* End PBXFrameworksBuildPhase section */

/* Begin PBXGroup section */
		10000001 = {
			isa = PBXGroup;
			children = (
				10000002 /* CallBlocker */,
				10000003 /* CallBlockerExtension */,
				10000004 /* Shared */,
				10000005 /* Products */,
			);
			sourceTree = "<group>";
		};
		10000002 /* CallBlocker */ = {
			isa = PBXGroup;
			children = (
				20000001 /* CallBlockerApp.swift */,
				20000002 /* ContentView.swift */,
				20000012 /* Assets.xcassets */,
				20000006 /* Info.plist */,
				20000007 /* CallBlocker.entitlements */,
			);
			path = CallBlocker;
			sourceTree = "<group>";
		};
		10000003 /* CallBlockerExtension */ = {
			isa = PBXGroup;
			children = (
				20000005 /* CallDirectoryHandler.swift */,
				20000008 /* Info.plist */,
				20000009 /* CallBlockerExtension.entitlements */,
			);
			path = CallBlockerExtension;
			sourceTree = "<group>";
		};
		10000004 /* Shared */ = {
			isa = PBXGroup;
			children = (
				20000003 /* BlockListManager.swift */,
				20000004 /* PhoneNumberGenerator.swift */,
			);
			path = Shared;
			sourceTree = "<group>";
		};
		10000005 /* Products */ = {
			isa = PBXGroup;
			children = (
				20000010 /* CallBlocker.app */,
				20000011 /* CallBlockerExtension.appex */,
			);
			name = Products;
			sourceTree = "<group>";
		};
/* End PBXGroup section */

/* Begin PBXNativeTarget section */
		40000001 /* CallBlocker */ = {
			isa = PBXNativeTarget;
			buildConfigurationList = A0000002 /* Build configuration list for PBXNativeTarget "CallBlocker" */;
			buildPhases = (
				70000001 /* Sources */,
				80000001 /* Frameworks */,
				E0000001 /* Resources */,
				90000001 /* Embed App Extensions */,
			);
			buildRules = (
			);
			dependencies = (
				60000001 /* PBXTargetDependency */,
			);
			name = CallBlocker;
			productName = CallBlocker;
			productReference = 20000010 /* CallBlocker.app */;
			productType = "com.apple.product-type.application";
		};
		40000002 /* CallBlockerExtension */ = {
			isa = PBXNativeTarget;
			buildConfigurationList = A0000003 /* Build configuration list for PBXNativeTarget "CallBlockerExtension" */;
			buildPhases = (
				70000002 /* Sources */,
				80000002 /* Frameworks */,
			);
			buildRules = (
			);
			dependencies = (
			);
			name = CallBlockerExtension;
			productName = CallBlockerExtension;
			productReference = 20000011 /* CallBlockerExtension.appex */;
			productType = "com.apple.product-type.app-extension";
		};
/* End PBXNativeTarget section */

/* Begin PBXProject section */
		00000001 /* Project object */ = {
			isa = PBXProject;
			attributes = {
				BuildIndependentTargetsInParallel = 1;
				LastSwiftUpdateCheck = 1500;
				LastUpgradeCheck = 1500;
				TargetAttributes = {
					40000001 = {
						CreatedOnToolsVersion = 15.0;
					};
					40000002 = {
						CreatedOnToolsVersion = 15.0;
					};
				};
			};
			buildConfigurationList = A0000001 /* Build configuration list for PBXProject "CallBlocker" */;
			compatibilityVersion = "Xcode 14.0";
			developmentRegion = en;
			hasScannedForEncodings = 0;
			knownRegions = (
				en,
				Base,
			);
			mainGroup = 10000001;
			productRefGroup = 10000005 /* Products */;
			projectDirPath = "";
			projectRoot = "";
			targets = (
				40000001 /* CallBlocker */,
				40000002 /* CallBlockerExtension */,
			);
		};
/* End PBXProject section */

/* Begin PBXResourcesBuildPhase section */
		E0000001 /* Resources */ = {
			isa = PBXResourcesBuildPhase;
			buildActionMask = 2147483647;
			files = (
				30000009 /* Assets.xcassets in Resources */,
			);
			runOnlyForDeploymentPostprocessing = 0;
		};
/* End PBXResourcesBuildPhase section */

/* Begin PBXSourcesBuildPhase section */
		70000001 /* Sources */ = {
			isa = PBXSourcesBuildPhase;
			buildActionMask = 2147483647;
			files = (
				30000001 /* CallBlockerApp.swift in Sources */,
				30000002 /* ContentView.swift in Sources */,
				30000003 /* BlockListManager.swift in Sources (App) */,
				30000004 /* PhoneNumberGenerator.swift in Sources (App) */,
			);
			runOnlyForDeploymentPostprocessing = 0;
		};
		70000002 /* Sources */ = {
			isa = PBXSourcesBuildPhase;
			buildActionMask = 2147483647;
			files = (
				30000005 /* CallDirectoryHandler.swift in Sources */,
				30000006 /* BlockListManager.swift in Sources (Ext) */,
				30000007 /* PhoneNumberGenerator.swift in Sources (Ext) */,
			);
			runOnlyForDeploymentPostprocessing = 0;
		};
/* End PBXSourcesBuildPhase section */

/* Begin PBXTargetDependency section */
		60000001 /* PBXTargetDependency */ = {
			isa = PBXTargetDependency;
			target = 40000002 /* CallBlockerExtension */;
			targetProxy = 50000001 /* PBXContainerItemProxy */;
		};
/* End PBXTargetDependency section */

/* Begin XCBuildConfiguration section */
		B0000001 /* Debug */ = {
			isa = XCBuildConfiguration;
			buildSettings = {
				ALWAYS_SEARCH_USER_PATHS = NO;
				CLANG_ANALYZER_NONNULL = YES;
				CLANG_CXX_LANGUAGE_STANDARD = "gnu++20";
				CLANG_ENABLE_MODULES = YES;
				CLANG_ENABLE_OBJC_ARC = YES;
				COPY_PHASE_STRIP = NO;
				DEBUG_INFORMATION_FORMAT = dwarf;
				ENABLE_STRICT_OBJC_MSGSEND = YES;
				ENABLE_TESTABILITY = YES;
				GCC_DYNAMIC_NO_PIC = NO;
				GCC_OPTIMIZATION_LEVEL = 0;
				GCC_PREPROCESSOR_DEFINITIONS = (
					"DEBUG=1",
					"$(inherited)",
				);
				GCC_WARN_UNINITIALIZED_AUTOS = YES_AGGRESSIVE;
				IPHONEOS_DEPLOYMENT_TARGET = 15.0;
				MTL_ENABLE_DEBUG_INFO = INCLUDE_SOURCE;
				ONLY_ACTIVE_ARCH = YES;
				SDKROOT = iphoneos;
				SWIFT_ACTIVE_COMPILATION_CONDITIONS = DEBUG;
				SWIFT_OPTIMIZATION_LEVEL = "-Onone";
			};
			name = Debug;
		};
		B0000002 /* Release */ = {
			isa = XCBuildConfiguration;
			buildSettings = {
				ALWAYS_SEARCH_USER_PATHS = NO;
				CLANG_ANALYZER_NONNULL = YES;
				CLANG_CXX_LANGUAGE_STANDARD = "gnu++20";
				CLANG_ENABLE_MODULES = YES;
				CLANG_ENABLE_OBJC_ARC = YES;
				COPY_PHASE_STRIP = NO;
				DEBUG_INFORMATION_FORMAT = "dwarf-with-dsym";
				ENABLE_NS_ASSERTIONS = NO;
				ENABLE_STRICT_OBJC_MSGSEND = YES;
				GCC_WARN_UNINITIALIZED_AUTOS = YES_AGGRESSIVE;
				IPHONEOS_DEPLOYMENT_TARGET = 15.0;
				MTL_ENABLE_DEBUG_INFO = NO;
				SDKROOT = iphoneos;
				SWIFT_COMPILATION_MODE = wholemodule;
				SWIFT_OPTIMIZATION_LEVEL = "-O";
				VALIDATE_PRODUCT = YES;
			};
			name = Release;
		};
		C0000001 /* Debug */ = {
			isa = XCBuildConfiguration;
			buildSettings = {
				ASSETCATALOG_COMPILER_APPICON_NAME = AppIcon;
				CODE_SIGN_IDENTITY = "Apple Development";
				CODE_SIGN_STYLE = Automatic;
				CODE_SIGN_ENTITLEMENTS = CallBlocker/CallBlocker.entitlements;
				CURRENT_PROJECT_VERSION = 1;
				GENERATE_INFOPLIST_FILE = NO;
				INFOPLIST_FILE = CallBlocker/Info.plist;
				INFOPLIST_KEY_CFBundleDisplayName = "Chặn số rác";
				INFOPLIST_KEY_LSApplicationCategoryType = "public.app-category.utilities";
				INFOPLIST_KEY_UIApplicationSceneManifest_Generation = YES;
				INFOPLIST_KEY_UILaunchScreen_Generation = YES;
				LD_RUNPATH_SEARCH_PATHS = (
					"$(inherited)",
					"@executable_path/Frameworks",
				);
				MARKETING_VERSION = 1.0;
				PRODUCT_BUNDLE_IDENTIFIER = com.trungromance.callblocker;
				PRODUCT_NAME = "$(TARGET_NAME)";
				SWIFT_EMIT_LOC_STRINGS = YES;
				SWIFT_VERSION = 5.0;
				TARGETED_DEVICE_FAMILY = 1;
			};
			name = Debug;
		};
		C0000002 /* Release */ = {
			isa = XCBuildConfiguration;
			buildSettings = {
				ASSETCATALOG_COMPILER_APPICON_NAME = AppIcon;
				CODE_SIGN_IDENTITY = "Apple Development";
				CODE_SIGN_STYLE = Automatic;
				CODE_SIGN_ENTITLEMENTS = CallBlocker/CallBlocker.entitlements;
				CURRENT_PROJECT_VERSION = 1;
				GENERATE_INFOPLIST_FILE = NO;
				INFOPLIST_FILE = CallBlocker/Info.plist;
				INFOPLIST_KEY_CFBundleDisplayName = "Chặn số rác";
				INFOPLIST_KEY_LSApplicationCategoryType = "public.app-category.utilities";
				INFOPLIST_KEY_UIApplicationSceneManifest_Generation = YES;
				INFOPLIST_KEY_UILaunchScreen_Generation = YES;
				LD_RUNPATH_SEARCH_PATHS = (
					"$(inherited)",
					"@executable_path/Frameworks",
				);
				MARKETING_VERSION = 1.0;
				PRODUCT_BUNDLE_IDENTIFIER = com.trungromance.callblocker;
				PRODUCT_NAME = "$(TARGET_NAME)";
				SWIFT_EMIT_LOC_STRINGS = YES;
				SWIFT_VERSION = 5.0;
				TARGETED_DEVICE_FAMILY = 1;
			};
			name = Release;
		};
		D0000001 /* Debug */ = {
			isa = XCBuildConfiguration;
			buildSettings = {
				CLANG_ENABLE_MODULES = YES;
				CODE_SIGN_IDENTITY = "Apple Development";
				CODE_SIGN_STYLE = Automatic;
				CODE_SIGN_ENTITLEMENTS = CallBlockerExtension/CallBlockerExtension.entitlements;
				CURRENT_PROJECT_VERSION = 1;
				GENERATE_INFOPLIST_FILE = NO;
				INFOPLIST_FILE = CallBlockerExtension/Info.plist;
				LD_RUNPATH_SEARCH_PATHS = (
					"$(inherited)",
					"@executable_path/Frameworks",
					"@executable_path/../../Frameworks",
				);
				MARKETING_VERSION = 1.0;
				PRODUCT_BUNDLE_IDENTIFIER = com.trungromance.callblocker.extension;
				PRODUCT_NAME = "$(TARGET_NAME)";
				SWIFT_EMIT_LOC_STRINGS = YES;
				SWIFT_VERSION = 5.0;
				TARGETED_DEVICE_FAMILY = 1;
			};
			name = Debug;
		};
		D0000002 /* Release */ = {
			isa = XCBuildConfiguration;
			buildSettings = {
				CLANG_ENABLE_MODULES = YES;
				CODE_SIGN_IDENTITY = "Apple Development";
				CODE_SIGN_STYLE = Automatic;
				CODE_SIGN_ENTITLEMENTS = CallBlockerExtension/CallBlockerExtension.entitlements;
				CURRENT_PROJECT_VERSION = 1;
				GENERATE_INFOPLIST_FILE = NO;
				INFOPLIST_FILE = CallBlockerExtension/Info.plist;
				LD_RUNPATH_SEARCH_PATHS = (
					"$(inherited)",
					"@executable_path/Frameworks",
					"@executable_path/../../Frameworks",
				);
				MARKETING_VERSION = 1.0;
				PRODUCT_BUNDLE_IDENTIFIER = com.trungromance.callblocker.extension;
				PRODUCT_NAME = "$(TARGET_NAME)";
				SWIFT_EMIT_LOC_STRINGS = YES;
				SWIFT_VERSION = 5.0;
				TARGETED_DEVICE_FAMILY = 1;
			};
			name = Release;
		};
/* End XCBuildConfiguration section */

/* Begin XCConfigurationList section */
		A0000001 /* Build configuration list for PBXProject "CallBlocker" */ = {
			isa = XCConfigurationList;
			buildConfigurations = (
				B0000001 /* Debug */,
				B0000002 /* Release */,
			);
			defaultConfigurationIsVisible = 0;
			defaultConfigurationName = Release;
		};
		A0000002 /* Build configuration list for PBXNativeTarget "CallBlocker" */ = {
			isa = XCConfigurationList;
			buildConfigurations = (
				C0000001 /* Debug */,
				C0000002 /* Release */,
			);
			defaultConfigurationIsVisible = 0;
			defaultConfigurationName = Release;
		};
		A0000003 /* Build configuration list for PBXNativeTarget "CallBlockerExtension" */ = {
			isa = XCConfigurationList;
			buildConfigurations = (
				D0000001 /* Debug */,
				D0000002 /* Release */,
			);
			defaultConfigurationIsVisible = 0;
			defaultConfigurationName = Release;
		};
/* End XCConfigurationList section */

	};
	rootObject = 00000001 /* Project object */;
}
